
Microsoft Visual Studio Solution File, Format Version 12.00
# Visual Studio 15
VisualStudioVersion = 15.0.28307.421
MinimumVisualStudioVersion = 10.0.40219.1
Project("{9A19103F-16F7-4668-BE54-9A1E7A4F7556}") = "ConsoleUI", "ConsoleUI\ConsoleUI.csproj", "{5536B7D2-D744-446D-84DC-1C96B11E496B}"
EndProject
Project("{9A19103F-16F7-4668-BE54-9A1E7A4F7556}") = "SLB.Log", "SLB.Log\SLB.Log.csproj", "{A62A9504-4D2E-446E-9E94-DD456F17126E}"
EndProject
Project("{FAE04EC0-301F-11D3-BF4B-00C04F79EFBC}") = "WebApp", "WebApp\WebApp.csproj", "{F74612F2-97E5-401C-945D-A8963334E636}"
EndProject
Project("{FAE04EC0-301F-11D3-BF4B-00C04F79EFBC}") = "SLB.Log.Providers.Serilog", "SLB.Log.Providers.Serilog\SLB.Log.Providers.Serilog.csproj", "{D96FF734-0D67-4E49-87B9-2BA34DBEB696}"
EndProject
Project("{FAE04EC0-301F-11D3-BF4B-00C04F79EFBC}") = "SLB.Log.Providers.NLog", "SLB.Log.Providers.NLog\SLB.Log.Providers.NLog.csproj", "{5EDF175D-D676-4306-AAFD-01D36BCAC0DF}"
EndProject
Global
	GlobalSection(SolutionConfigurationPlatforms) = preSolution
		Debug|Any CPU = Debug|Any CPU
		Release|Any CPU = Release|Any CPU
	EndGlobalSection
	GlobalSection(ProjectConfigurationPlatforms) = postSolution
		{5536B7D2-D744-446D-84DC-1C96B11E496B}.Debug|Any CPU.ActiveCfg = Debug|Any CPU
		{5536B7D2-D744-446D-84DC-1C96B11E496B}.Debug|Any CPU.Build.0 = Debug|Any CPU
		{5536B7D2-D744-446D-84DC-1C96B11E496B}.Release|Any CPU.ActiveCfg = Release|Any CPU
		{5536B7D2-D744-446D-84DC-1C96B11E496B}.Release|Any CPU.Build.0 = Release|Any CPU
		{A62A9504-4D2E-446E-9E94-DD456F17126E}.Debug|Any CPU.ActiveCfg = Debug|Any CPU
		{A62A9504-4D2E-446E-9E94-DD456F17126E}.Debug|Any CPU.Build.0 = Debug|Any CPU
		{A62A9504-4D2E-446E-9E94-DD456F17126E}.Release|Any CPU.ActiveCfg = Release|Any CPU
		{A62A9504-4D2E-446E-9E94-DD456F17126E}.Release|Any CPU.Build.0 = Release|Any CPU
		{F74612F2-97E5-401C-945D-A8963334E636}.Debug|Any CPU.ActiveCfg = Debug|Any CPU
		{F74612F2-97E5-401C-945D-A8963334E636}.Debug|Any CPU.Build.0 = Debug|Any CPU
		{F74612F2-97E5-401C-945D-A8963334E636}.Release|Any CPU.ActiveCfg = Release|Any CPU
		{F74612F2-97E5-401C-945D-A8963334E636}.Release|Any CPU.Build.0 = Release|Any CPU
		{D96FF734-0D67-4E49-87B9-2BA34DBEB696}.Debug|Any CPU.ActiveCfg = Debug|Any CPU
		{D96FF734-0D67-4E49-87B9-2BA34DBEB696}.Debug|Any CPU.Build.0 = Debug|Any CPU
		{D96FF734-0D67-4E49-87B9-2BA34DBEB696}.Release|Any CPU.ActiveCfg = Release|Any CPU
		{D96FF734-0D67-4E49-87B9-2BA34DBEB696}.Release|Any CPU.Build.0 = Release|Any CPU
		{5EDF175D-D676-4306-AAFD-01D36BCAC0DF}.Debug|Any CPU.ActiveCfg = Debug|Any CPU
		{5EDF175D-D676-4306-AAFD-01D36BCAC0DF}.Debug|Any CPU.Build.0 = Debug|Any CPU
		{5EDF175D-D676-4306-AAFD-01D36BCAC0DF}.Release|Any CPU.ActiveCfg = Release|Any CPU
		{5EDF175D-D676-4306-AAFD-01D36BCAC0DF}.Release|Any CPU.Build.0 = Release|Any CPU
	EndGlobalSection
	GlobalSection(SolutionProperties) = preSolution
		HideSolutionNode = FALSE
	EndGlobalSection
	GlobalSection(ExtensibilityGlobals) = postSolution
		SolutionGuid = {A4D7137D-C490-4B18-8980-6946F3F7B697}
	EndGlobalSection
EndGlobal
